
Microsoft Visual Studio Solution File, Format Version 12.00
# Visual Studio Version 17
VisualStudioVersion = 17.14.36518.9
MinimumVisualStudioVersion = 10.0.40219.1
Project("{FAE04EC0-301F-11D3-BF4B-00C04F79EFBC}") = "DLinqTests", "DLinqTests\DLinqTests.csproj", "{040F30C0-98F7-4508-8F39-CD92D6CFC483}"
EndProject
Project("{FAE04EC0-301F-11D3-BF4B-00C04F79EFBC}") = "DLinq", "DLinqProj\DLinq.csproj", "{972F9805-AC42-4BE5-A6F7-6DA965D1D7E4}"
EndProject
Project("{FAE04EC0-301F-11D3-BF4B-00C04F79EFBC}") = "DLinqIntegrationTests", "DLinqIntegrationTests\DLinqIntegrationTests.csproj", "{FECE01ED-386E-4BE0-ABBF-20E38E92D5E2}"
EndProject
Global
	GlobalSection(SolutionConfigurationPlatforms) = preSolution
		Debug|Any CPU = Debug|Any CPU
		Release|Any CPU = Release|Any CPU
	EndGlobalSection
	GlobalSection(ProjectConfigurationPlatforms) = postSolution
		{040F30C0-98F7-4508-8F39-CD92D6CFC483}.Debug|Any CPU.ActiveCfg = Debug|Any CPU
		{040F30C0-98F7-4508-8F39-CD92D6CFC483}.Debug|Any CPU.Build.0 = Debug|Any CPU
		{040F30C0-98F7-4508-8F39-CD92D6CFC483}.Release|Any CPU.ActiveCfg = Release|Any CPU
		{040F30C0-98F7-4508-8F39-CD92D6CFC483}.Release|Any CPU.Build.0 = Release|Any CPU
		{972F9805-AC42-4BE5-A6F7-6DA965D1D7E4}.Debug|Any CPU.ActiveCfg = Debug|Any CPU
		{972F9805-AC42-4BE5-A6F7-6DA965D1D7E4}.Debug|Any CPU.Build.0 = Debug|Any CPU
		{972F9805-AC42-4BE5-A6F7-6DA965D1D7E4}.Release|Any CPU.ActiveCfg = Release|Any CPU
		{972F9805-AC42-4BE5-A6F7-6DA965D1D7E4}.Release|Any CPU.Build.0 = Release|Any CPU
		{FECE01ED-386E-4BE0-ABBF-20E38E92D5E2}.Debug|Any CPU.ActiveCfg = Debug|Any CPU
		{FECE01ED-386E-4BE0-ABBF-20E38E92D5E2}.Debug|Any CPU.Build.0 = Debug|Any CPU
		{FECE01ED-386E-4BE0-ABBF-20E38E92D5E2}.Release|Any CPU.ActiveCfg = Release|Any CPU
		{FECE01ED-386E-4BE0-ABBF-20E38E92D5E2}.Release|Any CPU.Build.0 = Release|Any CPU
	EndGlobalSection
	GlobalSection(SolutionProperties) = preSolution
		HideSolutionNode = FALSE
	EndGlobalSection
	GlobalSection(ExtensibilityGlobals) = postSolution
		SolutionGuid = {30FCCA6D-6B6A-4D08-857F-1362E5F77400}
	EndGlobalSection
EndGlobal
